// !$*UTF8*$!
{
	archiveVersion = 1;
	classes = {
	};
	objectVersion = 46;
	objects = {

/* Begin PBXBuildFile section */
		13B24E761BF10D1900C78E4A /* AppDelegate.swift in Sources */ = {isa = PBXBuildFile; fileRef = 13B24E751BF10D1900C78E4A /* AppDelegate.swift */; };
		13B24E781BF10D1900C78E4A /* ViewController.swift in Sources */ = {isa = PBXBuildFile; fileRef = 13B24E771BF10D1900C78E4A /* ViewController.swift */; };
		13B24E7B1BF10D1900C78E4A /* Main.storyboard in Resources */ = {isa = PBXBuildFile; fileRef = 13B24E791BF10D1900C78E4A /* Main.storyboard */; };
		13B24E7D1BF10D1900C78E4A /* Assets.xcassets in Resources */ = {isa = PBXBuildFile; fileRef = 13B24E7C1BF10D1900C78E4A /* Assets.xcassets */; };
		13B24E801BF10D1900C78E4A /* LaunchScreen.storyboard in Resources */ = {isa = PBXBuildFile; fileRef = 13B24E7E1BF10D1900C78E4A /* LaunchScreen.storyboard */; };
/* End PBXBuildFile section */

/* Begin PBXFileReference section */
		13B24E721BF10D1900C78E4A /* UIKitPlayground.app */ = {isa = PBXFileReference; explicitFileType = wrapper.application; includeInIndex = 0; path = UIKitPlayground.app; sourceTree = BUILT_PRODUCTS_DIR; };
		13B24E751BF10D1900C78E4A /* AppDelegate.swift */ = {isa = PBXFileReference; lastKnownFileType = sourcecode.swift; path = AppDelegate.swift; sourceTree = "<group>"; };
		13B24E771BF10D1900C78E4A /* ViewController.swift */ = {isa = PBXFileReference; lastKnownFileType = sourcecode.swift; path = ViewController.swift; sourceTree = "<group>"; };
		13B24E7A1BF10D1900C78E4A /* Base */ = {isa = PBXFileReference; lastKnownFileType = file.storyboard; name = Base; path = Base.lproj/Main.storyboard; sourceTree = "<group>"; };
		13B24E7C1BF10D1900C78E4A /* Assets.xcassets */ = {isa = PBXFileReference; lastKnownFileType = folder.assetcatalog; path = Assets.xcassets; sourceTree = "<group>"; };
		13B24E7F1BF10D1900C78E4A /* Base */ = {isa = PBXFileReference; lastKnownFileType = file.storyboard; name = Base; path = Base.lproj/LaunchScreen.storyboard; sourceTree = "<group>"; };
		13B24E811BF10D1900C78E4A /* Info.plist */ = {isa = PBXFileReference; lastKnownFileType = text.plist.xml; path = Info.plist; sourceTree = "<group>"; };
/* End PBXFileReference section */

/* Begin PBXFrameworksBuildPhase section */
		13B24E6F1BF10D1900C78E4A /* Frameworks */ = {
			isa = PBXFrameworksBuildPhase;
			buildActionMask = 2147483647;
			files = (
			);
			runOnlyForDeploymentPostprocessing = 0;
		};
/* End PBXFrameworksBuildPhase section */

/* Begin PBXGroup section */
		13B24E691BF10D1900C78E4A = {
			isa = PBXGroup;
			children = (
				13B24E741BF10D1900C78E4A /* UIKitPlayground */,
				13B24E731BF10D1900C78E4A /* Products */,
			);
			sourceTree = "<group>";
		};
		13B24E731BF10D1900C78E4A /* Products */ = {
			isa = PBXGroup;
			children = (
				13B24E721BF10D1900C78E4A /* UIKitPlayground.app */,
			);
			name = Products;
			sourceTree = "<group>";
		};
		13B24E741BF10D1900C78E4A /* UIKitPlayground */ = {
			isa = PBXGroup;
			children = (
				13B24E751BF10D1900C78E4A /* AppDelegate.swift */,
				13B24E771BF10D1900C78E4A /* ViewController.swift */,
				13B24E791BF10D1900C78E4A /* Main.storyboard */,
				13B24E7C1BF10D1900C78E4A /* Assets.xcassets */,
				13B24E7E1BF10D1900C78E4A /* LaunchScreen.storyboard */,
				13B24E811BF10D1900C78E4A /* Info.plist */,
			);
			path = UIKitPlayground;
			sourceTree = "<group>";
		};
/* End PBXGroup section */

/* Begin PBXNativeTarget section */
		13B24E711BF10D1900C78E4A /* UIKitPlayground */ = {
			isa = PBXNativeTarget;
			buildConfigurationList = 13B24E841BF10D1900C78E4A /* Build configuration list for PBXNativeTarget "UIKitPlayground" */;
			buildPhases = (
				13B24E6E1BF10D1900C78E4A /* Sources */,
				13B24E6F1BF10D1900C78E4A /* Frameworks */,
				13B24E701BF10D1900C78E4A /* Resources */,
			);
			buildRules = (
			);
			dependencies = (
			);
			name = UIKitPlayground;
			productName = UIKitPlayground;
			productReference = 13B24E721BF10D1900C78E4A /* UIKitPlayground.app */;
			productType = "com.apple.product-type.application";
		};
/* End PBXNativeTarget section */

/* Begin PBXProject section */
		13B24E6A1BF10D1900C78E4A /* Project object */ = {
			isa = PBXProject;
			attributes = {
				LastSwiftUpdateCheck = 0710;
				LastUpgradeCheck = 0710;
				ORGANIZATIONNAME = "David Breskvar";
				TargetAttributes = {
					13B24E711BF10D1900C78E4A = {
						CreatedOnToolsVersion = 7.1;
					};
				};
			};
			buildConfigurationList = 13B24E6D1BF10D1900C78E4A /* Build configuration list for PBXProject "UIKitPlayground" */;
			compatibilityVersion = "Xcode 3.2";
			developmentRegion = English;
			hasScannedForEncodings = 0;
			knownRegions = (
				en,
				Base,
			);
			mainGroup = 13B24E691BF10D1900C78E4A;
			productRefGroup = 13B24E731BF10D1900C78E4A /* Products */;
			projectDirPath = "";
			projectRoot = "";
			targets = (
				13B24E711BF10D1900C78E4A /* UIKitPlayground */,
			);
		};
/* End PBXProject section */

/* Begin PBXResourcesBuildPhase section */
		13B24E701BF10D1900C78E4A /* Resources */ = {
			isa = PBXResourcesBuildPhase;
			buildActionMask = 2147483647;
			files = (
				13B24E801BF10D1900C78E4A /* LaunchScreen.storyboard in Resources */,
				13B24E7D1BF10D1900C78E4A /* Assets.xcassets in Resources */,
				13B24E7B1BF10D1900C78E4A /* Main.storyboard in Resources */,
			);
			runOnlyForDeploymentPostprocessing = 0;
		};
/* End PBXResourcesBuildPhase section */

/* Begin PBXSourcesBuildPhase section */
		13B24E6E1BF10D1900C78E4A /* Sources */ = {
			isa = PBXSourcesBuildPhase;
			buildActionMask = 2147483647;
			files = (
				13B24E781BF10D1900C78E4A /* ViewController.swift in Sources */,
				13B24E761BF10D1900C78E4A /* AppDelegate.swift in Sources */,
			);
			runOnlyForDeploymentPostprocessing = 0;
		};
/* End PBXSourcesBuildPhase section */

/* Begin PBXVariantGroup section */
		13B24E791BF10D1900C78E4A /* Main.storyboard */ = {
			isa = PBXVariantGroup;
			children = (
				13B24E7A1BF10D1900C78E4A /* Base */,
			);
			name = Main.storyboard;
			sourceTree = "<group>";
		};
		13B24E7E1BF10D1900C78E4A /* LaunchScreen.storyboard */ = {
			isa = PBXVariantGroup;
			children = (
				13B24E7F1BF10D1900C78E4A /* Base */,
			);
			name = LaunchScreen.storyboard;
			sourceTree = "<group>";
		};
/* End PBXVariantGroup section */

/* Begin XCBuildConfiguration section */
		13B24E821BF10D1900C78E4A /* Debug */ = {
			isa = XCBuildConfiguration;
			buildSettings = {
				ALWAYS_SEARCH_USER_PATHS = NO;
				CLANG_CXX_LANGUAGE_STANDARD = "gnu++0x";
				CLANG_CXX_LIBRARY = "libc++";
				CLANG_ENABLE_MODULES = YES;
				CLANG_ENABLE_OBJC_ARC = YES;
				CLANG_WARN_BOOL_CONVERSION = YES;
				CLANG_WARN_CONSTANT_CONVERSION = YES;
				CLANG_WARN_DIRECT_OBJC_ISA_USAGE = YES_ERROR;
				CLANG_WARN_EMPTY_BODY = YES;
				CLANG_WARN_ENUM_CONVERSION = YES;
				CLANG_WARN_INT_CONVERSION = YES;
				CLANG_WARN_OBJC_ROOT_CLASS = YES_ERROR;
				CLANG_WARN_UNREACHABLE_CODE = YES;
				CLANG_WARN__DUPLICATE_METHOD_MATCH = YES;
				"CODE_SIGN_IDENTITY[sdk=iphoneos*]" = "iPhone Developer";
				COPY_PHASE_STRIP = NO;
				DEBUG_INFORMATION_FORMAT = dwarf;
				ENABLE_STRICT_OBJC_MSGSEND = YES;
				ENABLE_TESTABILITY = YES;
				GCC_C_LANGUAGE_STANDARD = gnu99;
				GCC_DYNAMIC_NO_PIC = NO;
				GCC_NO_COMMON_BLOCKS = YES;
				GCC_OPTIMIZATION_LEVEL = 0;
				GCC_PREPROCESSOR_DEFINITIONS = (
					"DEBUG=1",
					"$(inherited)",
				);
				GCC_WARN_64_TO_32_BIT_CONVERSION = YES;
				GCC_WARN_ABOUT_RETURN_TYPE = YES_ERROR;
				GCC_WARN_UNDECLARED_SELECTOR = YES;
				GCC_WARN_UNINITIALIZED_AUTOS = YES_AGGRESSIVE;
				GCC_WARN_UNUSED_FUNCTION = YES;
				GCC_WARN_UNUSED_VARIABLE = YES;
				IPHONEOS_DEPLOYMENT_TARGET = 9.1;
				MTL_ENABLE_DEBUG_INFO = YES;
				ONLY_ACTIVE_ARCH = YES;
				SDKROOT = iphoneos;
				SWIFT_OPTIMIZATION_LEVEL = "-Onone";
				TARGETED_DEVICE_FAMILY = "1,2";
			};
			name = Debug;
		};
		13B24E831BF10D1900C78E4A /* Release */ = {
			isa = XCBuildConfiguration;
			buildSettings = {
				ALWAYS_SEARCH_USER_PATHS = NO;
				CLANG_CXX_LANGUAGE_STANDARD = "gnu++0x";
				CLANG_CXX_LIBRARY = "libc++";
				CLANG_ENABLE_MODULES = YES;
				CLANG_ENABLE_OBJC_ARC = YES;
				CLANG_WARN_BOOL_CONVERSION = YES;
				CLANG_WARN_CONSTANT_CONVERSION = YES;
				CLANG_WARN_DIRECT_OBJC_ISA_USAGE = YES_ERROR;
				CLANG_WARN_EMPTY_BODY = YES;
				CLANG_WARN_ENUM_CONVERSION = YES;
				CLANG_WARN_INT_CONVERSION = YES;
				CLANG_WARN_OBJC_ROOT_CLASS = YES_ERROR;
				CLANG_WARN_UNREACHABLE_CODE = YES;
				CLANG_WARN__DUPLICATE_METHOD_MATCH = YES;
				"CODE_SIGN_IDENTITY[sdk=iphoneos*]" = "iPhone Developer";
				COPY_PHASE_STRIP = NO;
				DEBUG_INFORMATION_FORMAT = "dwarf-with-dsym";
				ENABLE_NS_ASSERTIONS = NO;
				ENABLE_STRICT_OBJC_MSGSEND = YES;
				GCC_C_LANGUAGE_STANDARD = gnu99;
				GCC_NO_COMMON_BLOCKS = YES;
				GCC_WARN_64_TO_32_BIT_CONVERSION = YES;
				GCC_WARN_ABOUT_RETURN_TYPE = YES_ERROR;
				GCC_WARN_UNDECLARED_SELECTOR = YES;
				GCC_WARN_UNINITIALIZED_AUTOS = YES_AGGRESSIVE;
				GCC_WARN_UNUSED_FUNCTION = YES;
				GCC_WARN_UNUSED_VARIABLE = YES;
				IPHONEOS_DEPLOYMENT_TARGET = 9.1;
				MTL_ENABLE_DEBUG_INFO = NO;
				SDKROOT = iphoneos;
				TARGETED_DEVICE_FAMILY = "1,2";
				VALIDATE_PRODUCT = YES;
			};
			name = Release;
		};
		13B24E851BF10D1900C78E4A /* Debug */ = {
			isa = XCBuildConfiguration;
			buildSettings = {
				ASSETCATALOG_COMPILER_APPICON_NAME = AppIcon;
				INFOPLIST_FILE = UIKitPlayground/Info.plist;
				LD_RUNPATH_SEARCH_PATHS = "$(inherited) @executable_path/Frameworks";
				PRODUCT_BUNDLE_IDENTIFIER = dbug.UIKitPlayground;
				PRODUCT_NAME = "$(TARGET_NAME)";
			};
			name = Debug;
		};
		13B24E861BF10D1900C78E4A /* Release */ = {
			isa = XCBuildConfiguration;
			buildSettings = {
				ASSETCATALOG_COMPILER_APPICON_NAME = AppIcon;
				INFOPLIST_FILE = UIKitPlayground/Info.plist;
				LD_RUNPATH_SEARCH_PATHS = "$(inherited) @executable_path/Frameworks";
				PRODUCT_BUNDLE_IDENTIFIER = dbug.UIKitPlayground;
				PRODUCT_NAME = "$(TARGET_NAME)";
			};
			name = Release;
		};
/* End XCBuildConfiguration section */

/* Begin XCConfigurationList section */
		13B24E6D1BF10D1900C78E4A /* Build configuration list for PBXProject "UIKitPlayground" */ = {
			isa = XCConfigurationList;
			buildConfigurations = (
				13B24E821BF10D1900C78E4A /* Debug */,
				13B24E831BF10D1900C78E4A /* Release */,
			);
			defaultConfigurationIsVisible = 0;
			defaultConfigurationName = Release;
		};
		13B24E841BF10D1900C78E4A /* Build configuration list for PBXNativeTarget "UIKitPlayground" */ = {
			isa = XCConfigurationList;
			buildConfigurations = (
				13B24E851BF10D1900C78E4A /* Debug */,
				13B24E861BF10D1900C78E4A /* Release */,
			);
			defaultConfigurationIsVisible = 0;
		};
/* End XCConfigurationList section */
	};
	rootObject = 13B24E6A1BF10D1900C78E4A /* Project object */;
}
